
Microsoft Visual Studio Solution File, Format Version 12.00
# Visual Studio 15
VisualStudioVersion = 15.0.28307.1300
MinimumVisualStudioVersion = 10.0.40219.1
Project("{FAE04EC0-301F-11D3-BF4B-00C04F79EFBC}") = "mantis_tests", "mantis_tests\mantis_tests.csproj", "{7A0C953B-A6CF-4941-B007-F80EA94A7EDE}"
EndProject
Global
	GlobalSection(SolutionConfigurationPlatforms) = preSolution
		Debug|Any CPU = Debug|Any CPU
		Release|Any CPU = Release|Any CPU
	EndGlobalSection
	GlobalSection(ProjectConfigurationPlatforms) = postSolution
		{7A0C953B-A6CF-4941-B007-F80EA94A7EDE}.Debug|Any CPU.ActiveCfg = Debug|Any CPU
		{7A0C953B-A6CF-4941-B007-F80EA94A7EDE}.Debug|Any CPU.Build.0 = Debug|Any CPU
		{7A0C953B-A6CF-4941-B007-F80EA94A7EDE}.Release|Any CPU.ActiveCfg = Release|Any CPU
		{7A0C953B-A6CF-4941-B007-F80EA94A7EDE}.Release|Any CPU.Build.0 = Release|Any CPU
	EndGlobalSection
	GlobalSection(SolutionProperties) = preSolution
		HideSolutionNode = FALSE
	EndGlobalSection
	GlobalSection(ExtensibilityGlobals) = postSolution
		SolutionGuid = {8FCAD1AA-AA7F-4866-836F-9FEAB1633676}
	EndGlobalSection
EndGlobal
