
Microsoft Visual Studio Solution File, Format Version 12.00
# Visual Studio 15
VisualStudioVersion = 15.0.28307.1259
MinimumVisualStudioVersion = 10.0.40219.1
Project("{FAE04EC0-301F-11D3-BF4B-00C04F79EFBC}") = "addressbook-web-tests", "addressbook-web-tests\addressbook-web-tests.csproj", "{9C846711-DC1E-4748-972E-F9D020A292CF}"
EndProject
Project("{FAE04EC0-301F-11D3-BF4B-00C04F79EFBC}") = "addressbook-test-data-generators", "addressbook-test-data-generators\addressbook-test-data-generators.csproj", "{FF5CA98C-1327-458C-8233-20FCCBB926E0}"
	ProjectSection(ProjectDependencies) = postProject
		{9C846711-DC1E-4748-972E-F9D020A292CF} = {9C846711-DC1E-4748-972E-F9D020A292CF}
	EndProjectSection
EndProject
Global
	GlobalSection(SolutionConfigurationPlatforms) = preSolution
		Debug|Any CPU = Debug|Any CPU
		Release|Any CPU = Release|Any CPU
	EndGlobalSection
	GlobalSection(ProjectConfigurationPlatforms) = postSolution
		{9C846711-DC1E-4748-972E-F9D020A292CF}.Debug|Any CPU.ActiveCfg = Debug|Any CPU
		{9C846711-DC1E-4748-972E-F9D020A292CF}.Debug|Any CPU.Build.0 = Debug|Any CPU
		{9C846711-DC1E-4748-972E-F9D020A292CF}.Release|Any CPU.ActiveCfg = Release|Any CPU
		{9C846711-DC1E-4748-972E-F9D020A292CF}.Release|Any CPU.Build.0 = Release|Any CPU
		{FF5CA98C-1327-458C-8233-20FCCBB926E0}.Debug|Any CPU.ActiveCfg = Debug|Any CPU
		{FF5CA98C-1327-458C-8233-20FCCBB926E0}.Debug|Any CPU.Build.0 = Debug|Any CPU
		{FF5CA98C-1327-458C-8233-20FCCBB926E0}.Release|Any CPU.ActiveCfg = Release|Any CPU
		{FF5CA98C-1327-458C-8233-20FCCBB926E0}.Release|Any CPU.Build.0 = Release|Any CPU
	EndGlobalSection
	GlobalSection(SolutionProperties) = preSolution
		HideSolutionNode = FALSE
	EndGlobalSection
	GlobalSection(ExtensibilityGlobals) = postSolution
		SolutionGuid = {77F382CE-44FD-413C-AC44-1D157F515308}
	EndGlobalSection
EndGlobal
